
Microsoft Visual Studio Solution File, Format Version 12.00
Project("{FAE04EC0-301F-11D3-BF4B-00C04F79EFBC}") = "1135KrylovPractical", "1135KrylovPractical\1135KrylovPractical.csproj", "{52C60FFF-7897-4972-A471-3AB4F7DE56FA}"
EndProject
Project("{FAE04EC0-301F-11D3-BF4B-00C04F79EFBC}") = "1135KrylovPracticalAPI", "1135KrylovPracticalAPI\1135KrylovPracticalAPI.csproj", "{5A19EA73-0F5F-4601-90C3-B2AA25F554CF}"
EndProject
Global
	GlobalSection(SolutionConfigurationPlatforms) = preSolution
		Debug|Any CPU = Debug|Any CPU
		Release|Any CPU = Release|Any CPU
	EndGlobalSection
	GlobalSection(ProjectConfigurationPlatforms) = postSolution
		{52C60FFF-7897-4972-A471-3AB4F7DE56FA}.Debug|Any CPU.ActiveCfg = Debug|Any CPU
		{52C60FFF-7897-4972-A471-3AB4F7DE56FA}.Debug|Any CPU.Build.0 = Debug|Any CPU
		{52C60FFF-7897-4972-A471-3AB4F7DE56FA}.Release|Any CPU.ActiveCfg = Release|Any CPU
		{52C60FFF-7897-4972-A471-3AB4F7DE56FA}.Release|Any CPU.Build.0 = Release|Any CPU
		{5A19EA73-0F5F-4601-90C3-B2AA25F554CF}.Debug|Any CPU.ActiveCfg = Debug|Any CPU
		{5A19EA73-0F5F-4601-90C3-B2AA25F554CF}.Debug|Any CPU.Build.0 = Debug|Any CPU
		{5A19EA73-0F5F-4601-90C3-B2AA25F554CF}.Release|Any CPU.ActiveCfg = Release|Any CPU
		{5A19EA73-0F5F-4601-90C3-B2AA25F554CF}.Release|Any CPU.Build.0 = Release|Any CPU
	EndGlobalSection
EndGlobal
